
Microsoft Visual Studio Solution File, Format Version 12.00
# Visual Studio 15
VisualStudioVersion = 15.0.27428.2037
MinimumVisualStudioVersion = 10.0.40219.1
Project("{FAE04EC0-301F-11D3-BF4B-00C04F79EFBC}") = "SmartShopping.Android", "SmartShopping\SmartShopping.Android\SmartShopping.Android.csproj", "{91EDFD78-C6D7-4D7A-9D1E-1BB9834943CC}"
EndProject
Project("{D954291E-2A0B-460D-934E-DC6B0785DB48}") = "SmartShopping", "SmartShopping\SmartShopping\SmartShopping.shproj", "{E9C555EF-3DC0-4A71-8B41-0F02BA5CF40F}"
EndProject
Global
	GlobalSection(SharedMSBuildProjectFiles) = preSolution
		SmartShopping\SmartShopping\SmartShopping.projitems*{91edfd78-c6d7-4d7a-9d1e-1bb9834943cc}*SharedItemsImports = 4
		SmartShopping\SmartShopping\SmartShopping.projitems*{e9c555ef-3dc0-4a71-8b41-0f02ba5cf40f}*SharedItemsImports = 13
	EndGlobalSection
	GlobalSection(SolutionConfigurationPlatforms) = preSolution
		Debug|Any CPU = Debug|Any CPU
		Release|Any CPU = Release|Any CPU
	EndGlobalSection
	GlobalSection(ProjectConfigurationPlatforms) = postSolution
		{91EDFD78-C6D7-4D7A-9D1E-1BB9834943CC}.Debug|Any CPU.ActiveCfg = Debug|Any CPU
		{91EDFD78-C6D7-4D7A-9D1E-1BB9834943CC}.Debug|Any CPU.Build.0 = Debug|Any CPU
		{91EDFD78-C6D7-4D7A-9D1E-1BB9834943CC}.Debug|Any CPU.Deploy.0 = Debug|Any CPU
		{91EDFD78-C6D7-4D7A-9D1E-1BB9834943CC}.Release|Any CPU.ActiveCfg = Release|Any CPU
		{91EDFD78-C6D7-4D7A-9D1E-1BB9834943CC}.Release|Any CPU.Build.0 = Release|Any CPU
		{91EDFD78-C6D7-4D7A-9D1E-1BB9834943CC}.Release|Any CPU.Deploy.0 = Release|Any CPU
	EndGlobalSection
	GlobalSection(SolutionProperties) = preSolution
		HideSolutionNode = FALSE
	EndGlobalSection
	GlobalSection(ExtensibilityGlobals) = postSolution
		SolutionGuid = {791A34FB-F08D-43C7-A6F4-6EA627722ACB}
	EndGlobalSection
EndGlobal
